
Microsoft Visual Studio Solution File, Format Version 12.00
# Visual Studio Version 17
VisualStudioVersion = 17.7.34202.233
MinimumVisualStudioVersion = 10.0.40219.1
Project("{FAE04EC0-301F-11D3-BF4B-00C04F79EFBC}") = "Negru_Luminita_Lab2", "Negru_Luminita_Lab2.csproj", "{EE1752AF-D417-4740-885E-69ABAC58CBC4}"
EndProject
Global
	GlobalSection(SolutionConfigurationPlatforms) = preSolution
		Debug|Any CPU = Debug|Any CPU
		Release|Any CPU = Release|Any CPU
	EndGlobalSection
	GlobalSection(ProjectConfigurationPlatforms) = postSolution
		{EE1752AF-D417-4740-885E-69ABAC58CBC4}.Debug|Any CPU.ActiveCfg = Debug|Any CPU
		{EE1752AF-D417-4740-885E-69ABAC58CBC4}.Debug|Any CPU.Build.0 = Debug|Any CPU
		{EE1752AF-D417-4740-885E-69ABAC58CBC4}.Release|Any CPU.ActiveCfg = Release|Any CPU
		{EE1752AF-D417-4740-885E-69ABAC58CBC4}.Release|Any CPU.Build.0 = Release|Any CPU
	EndGlobalSection
	GlobalSection(SolutionProperties) = preSolution
		HideSolutionNode = FALSE
	EndGlobalSection
	GlobalSection(ExtensibilityGlobals) = postSolution
		SolutionGuid = {A7142376-40C4-452C-91B1-5739A80815C4}
	EndGlobalSection
EndGlobal
